
Microsoft Visual Studio Solution File, Format Version 12.00
# Visual Studio Version 17
VisualStudioVersion = 17.13.35825.156
MinimumVisualStudioVersion = 10.0.40219.1
Project("{002A2DE9-8BB6-484D-9802-7E4AD4084715}") = "Calculator", "Calculator\Calculator.visualdproj", "{7004DA4D-AC90-4CD6-ACC4-206697F5B48C}"
EndProject
Project("{002A2DE9-8BB6-484D-9802-7E4AD4084715}") = "CountLetters", "CountLetters\CountLetters.visualdproj", "{8A1F87AB-1CDD-4567-9DAF-D64A479DEBE8}"
EndProject
Project("{002A2DE9-8BB6-484D-9802-7E4AD4084715}") = "RandomGenerator", "RandomGenerator\RandomGenerator.visualdproj", "{B130C6AB-B547-477F-BD0B-7EC3D1D0F9D6}"
EndProject
Project("{2150E333-8FDC-42A3-9474-1A3956D46DE8}") = "SimpleGameConsoleDlang", "SimpleGameConsoleDlang", "{02EA681E-C7D8-13C7-8484-4AC65E1B71E8}"
EndProject
Project("{002A2DE9-8BB6-484D-9802-7E4AD4084715}") = "GameRockPaperScissors", "GameRockPaperScissors\GameRockPaperScissors.visualdproj", "{2EF84051-292D-4A44-AFBD-2A2FC9ADFFD6}"
EndProject
Project("{FAE04EC0-301F-11D3-BF4B-00C04F79EFBC}") = "GameRockPaperScissorsCs", "GameRockPaperScissorsCs\GameRockPaperScissorsCs.csproj", "{D3080E85-FB55-40B6-9A16-36D33BD837C8}"
EndProject
Project("{002A2DE9-8BB6-484D-9802-7E4AD4084715}") = "GuessTheNumber", "GuessTheNumber\GuessTheNumber.visualdproj", "{9AA38A4C-68D1-4B99-B611-060B20CEFB7A}"
EndProject
Global
	GlobalSection(SolutionConfigurationPlatforms) = preSolution
		Debug|Any CPU = Debug|Any CPU
		Debug|x64 = Debug|x64
		Debug|x86 = Debug|x86
		Release|Any CPU = Release|Any CPU
		Release|x64 = Release|x64
		Release|x86 = Release|x86
	EndGlobalSection
	GlobalSection(ProjectConfigurationPlatforms) = postSolution
		{7004DA4D-AC90-4CD6-ACC4-206697F5B48C}.Debug|Any CPU.ActiveCfg = Debug|x64
		{7004DA4D-AC90-4CD6-ACC4-206697F5B48C}.Debug|Any CPU.Build.0 = Debug|x64
		{7004DA4D-AC90-4CD6-ACC4-206697F5B48C}.Debug|x64.ActiveCfg = Debug|x64
		{7004DA4D-AC90-4CD6-ACC4-206697F5B48C}.Debug|x64.Build.0 = Debug|x64
		{7004DA4D-AC90-4CD6-ACC4-206697F5B48C}.Debug|x86.ActiveCfg = Debug|Win32
		{7004DA4D-AC90-4CD6-ACC4-206697F5B48C}.Debug|x86.Build.0 = Debug|Win32
		{7004DA4D-AC90-4CD6-ACC4-206697F5B48C}.Release|Any CPU.ActiveCfg = Release|x64
		{7004DA4D-AC90-4CD6-ACC4-206697F5B48C}.Release|Any CPU.Build.0 = Release|x64
		{7004DA4D-AC90-4CD6-ACC4-206697F5B48C}.Release|x64.ActiveCfg = Release|x64
		{7004DA4D-AC90-4CD6-ACC4-206697F5B48C}.Release|x64.Build.0 = Release|x64
		{7004DA4D-AC90-4CD6-ACC4-206697F5B48C}.Release|x86.ActiveCfg = Release|Win32
		{7004DA4D-AC90-4CD6-ACC4-206697F5B48C}.Release|x86.Build.0 = Release|Win32
		{8A1F87AB-1CDD-4567-9DAF-D64A479DEBE8}.Debug|Any CPU.ActiveCfg = Debug|x64
		{8A1F87AB-1CDD-4567-9DAF-D64A479DEBE8}.Debug|Any CPU.Build.0 = Debug|x64
		{8A1F87AB-1CDD-4567-9DAF-D64A479DEBE8}.Debug|x64.ActiveCfg = Debug|x64
		{8A1F87AB-1CDD-4567-9DAF-D64A479DEBE8}.Debug|x64.Build.0 = Debug|x64
		{8A1F87AB-1CDD-4567-9DAF-D64A479DEBE8}.Debug|x86.ActiveCfg = Debug|Win32
		{8A1F87AB-1CDD-4567-9DAF-D64A479DEBE8}.Debug|x86.Build.0 = Debug|Win32
		{8A1F87AB-1CDD-4567-9DAF-D64A479DEBE8}.Release|Any CPU.ActiveCfg = Release|x64
		{8A1F87AB-1CDD-4567-9DAF-D64A479DEBE8}.Release|Any CPU.Build.0 = Release|x64
		{8A1F87AB-1CDD-4567-9DAF-D64A479DEBE8}.Release|x64.ActiveCfg = Release|x64
		{8A1F87AB-1CDD-4567-9DAF-D64A479DEBE8}.Release|x64.Build.0 = Release|x64
		{8A1F87AB-1CDD-4567-9DAF-D64A479DEBE8}.Release|x86.ActiveCfg = Release|Win32
		{8A1F87AB-1CDD-4567-9DAF-D64A479DEBE8}.Release|x86.Build.0 = Release|Win32
		{B130C6AB-B547-477F-BD0B-7EC3D1D0F9D6}.Debug|Any CPU.ActiveCfg = Debug|x64
		{B130C6AB-B547-477F-BD0B-7EC3D1D0F9D6}.Debug|Any CPU.Build.0 = Debug|x64
		{B130C6AB-B547-477F-BD0B-7EC3D1D0F9D6}.Debug|x64.ActiveCfg = Debug|x64
		{B130C6AB-B547-477F-BD0B-7EC3D1D0F9D6}.Debug|x64.Build.0 = Debug|x64
		{B130C6AB-B547-477F-BD0B-7EC3D1D0F9D6}.Debug|x86.ActiveCfg = Debug|Win32
		{B130C6AB-B547-477F-BD0B-7EC3D1D0F9D6}.Debug|x86.Build.0 = Debug|Win32
		{B130C6AB-B547-477F-BD0B-7EC3D1D0F9D6}.Release|Any CPU.ActiveCfg = Release|x64
		{B130C6AB-B547-477F-BD0B-7EC3D1D0F9D6}.Release|Any CPU.Build.0 = Release|x64
		{B130C6AB-B547-477F-BD0B-7EC3D1D0F9D6}.Release|x64.ActiveCfg = Release|x64
		{B130C6AB-B547-477F-BD0B-7EC3D1D0F9D6}.Release|x64.Build.0 = Release|x64
		{B130C6AB-B547-477F-BD0B-7EC3D1D0F9D6}.Release|x86.ActiveCfg = Release|Win32
		{B130C6AB-B547-477F-BD0B-7EC3D1D0F9D6}.Release|x86.Build.0 = Release|Win32
		{2EF84051-292D-4A44-AFBD-2A2FC9ADFFD6}.Debug|Any CPU.ActiveCfg = Debug|x64
		{2EF84051-292D-4A44-AFBD-2A2FC9ADFFD6}.Debug|Any CPU.Build.0 = Debug|x64
		{2EF84051-292D-4A44-AFBD-2A2FC9ADFFD6}.Debug|x64.ActiveCfg = Debug|x64
		{2EF84051-292D-4A44-AFBD-2A2FC9ADFFD6}.Debug|x64.Build.0 = Debug|x64
		{2EF84051-292D-4A44-AFBD-2A2FC9ADFFD6}.Debug|x86.ActiveCfg = Debug|Win32
		{2EF84051-292D-4A44-AFBD-2A2FC9ADFFD6}.Debug|x86.Build.0 = Debug|Win32
		{2EF84051-292D-4A44-AFBD-2A2FC9ADFFD6}.Release|Any CPU.ActiveCfg = Release|x64
		{2EF84051-292D-4A44-AFBD-2A2FC9ADFFD6}.Release|Any CPU.Build.0 = Release|x64
		{2EF84051-292D-4A44-AFBD-2A2FC9ADFFD6}.Release|x64.ActiveCfg = Release|x64
		{2EF84051-292D-4A44-AFBD-2A2FC9ADFFD6}.Release|x64.Build.0 = Release|x64
		{2EF84051-292D-4A44-AFBD-2A2FC9ADFFD6}.Release|x86.ActiveCfg = Release|Win32
		{2EF84051-292D-4A44-AFBD-2A2FC9ADFFD6}.Release|x86.Build.0 = Release|Win32
		{D3080E85-FB55-40B6-9A16-36D33BD837C8}.Debug|Any CPU.ActiveCfg = Debug|Any CPU
		{D3080E85-FB55-40B6-9A16-36D33BD837C8}.Debug|Any CPU.Build.0 = Debug|Any CPU
		{D3080E85-FB55-40B6-9A16-36D33BD837C8}.Debug|x64.ActiveCfg = Debug|Any CPU
		{D3080E85-FB55-40B6-9A16-36D33BD837C8}.Debug|x64.Build.0 = Debug|Any CPU
		{D3080E85-FB55-40B6-9A16-36D33BD837C8}.Debug|x86.ActiveCfg = Debug|Any CPU
		{D3080E85-FB55-40B6-9A16-36D33BD837C8}.Debug|x86.Build.0 = Debug|Any CPU
		{D3080E85-FB55-40B6-9A16-36D33BD837C8}.Release|Any CPU.ActiveCfg = Release|Any CPU
		{D3080E85-FB55-40B6-9A16-36D33BD837C8}.Release|Any CPU.Build.0 = Release|Any CPU
		{D3080E85-FB55-40B6-9A16-36D33BD837C8}.Release|x64.ActiveCfg = Release|Any CPU
		{D3080E85-FB55-40B6-9A16-36D33BD837C8}.Release|x64.Build.0 = Release|Any CPU
		{D3080E85-FB55-40B6-9A16-36D33BD837C8}.Release|x86.ActiveCfg = Release|Any CPU
		{D3080E85-FB55-40B6-9A16-36D33BD837C8}.Release|x86.Build.0 = Release|Any CPU
		{9AA38A4C-68D1-4B99-B611-060B20CEFB7A}.Debug|Any CPU.ActiveCfg = Debug|x64
		{9AA38A4C-68D1-4B99-B611-060B20CEFB7A}.Debug|Any CPU.Build.0 = Debug|x64
		{9AA38A4C-68D1-4B99-B611-060B20CEFB7A}.Debug|x64.ActiveCfg = Debug|x64
		{9AA38A4C-68D1-4B99-B611-060B20CEFB7A}.Debug|x64.Build.0 = Debug|x64
		{9AA38A4C-68D1-4B99-B611-060B20CEFB7A}.Debug|x86.ActiveCfg = Debug|Win32
		{9AA38A4C-68D1-4B99-B611-060B20CEFB7A}.Debug|x86.Build.0 = Debug|Win32
		{9AA38A4C-68D1-4B99-B611-060B20CEFB7A}.Release|Any CPU.ActiveCfg = Release|x64
		{9AA38A4C-68D1-4B99-B611-060B20CEFB7A}.Release|Any CPU.Build.0 = Release|x64
		{9AA38A4C-68D1-4B99-B611-060B20CEFB7A}.Release|x64.ActiveCfg = Release|x64
		{9AA38A4C-68D1-4B99-B611-060B20CEFB7A}.Release|x64.Build.0 = Release|x64
		{9AA38A4C-68D1-4B99-B611-060B20CEFB7A}.Release|x86.ActiveCfg = Release|Win32
		{9AA38A4C-68D1-4B99-B611-060B20CEFB7A}.Release|x86.Build.0 = Release|Win32
	EndGlobalSection
	GlobalSection(SolutionProperties) = preSolution
		HideSolutionNode = FALSE
	EndGlobalSection
	GlobalSection(NestedProjects) = preSolution
		{2EF84051-292D-4A44-AFBD-2A2FC9ADFFD6} = {02EA681E-C7D8-13C7-8484-4AC65E1B71E8}
		{D3080E85-FB55-40B6-9A16-36D33BD837C8} = {02EA681E-C7D8-13C7-8484-4AC65E1B71E8}
		{9AA38A4C-68D1-4B99-B611-060B20CEFB7A} = {02EA681E-C7D8-13C7-8484-4AC65E1B71E8}
	EndGlobalSection
	GlobalSection(ExtensibilityGlobals) = postSolution
		SolutionGuid = {AAA61C91-7A0C-48DB-AE06-D9215AAF7AE4}
	EndGlobalSection
EndGlobal
